github.com/ebitengine/oto/v3 v3.1.0 h1:xI8cEKZn1vR/wIxXGZmXdGzGWXhg5p0YDcDXOGqOE0=
github.com/ebitengine/oto/v3 v3.1.0/go.mod h1:tSxNnVb1gO5J0sK0GHyE0c0+bVHLmK8BrVqIvJcwPw=
github.com/ebitengine/purego v0.7.0 h1:TyWnKn0YFRNQMR7hoAyQMJvvRdh8rVBHJqfP1dqNmI=
github.com/ebitengine/purego v0.7.0/go.mod h1:ah1In8AOtksoNK7NS6eFWDVHmHmMNLC3+inV6SGAqQ=
github.com/hajimehoshi/ebiten/v2 v2.7.1 h1:GxuVJd6Xvtz2bG+eXrLnUxhkBAZlQ97j8F0XEKz9qQ=
github.com/hajimehoshi/ebiten/v2 v2.7.1/go.mod h1:u/A1MlFvfXqKyTJCRNzjDblDG6A2l9lL+qKdGxW9YE=
github.com/jezequiel/freetype-go v0.0.0-20230429184142-fc26873f6b41 h1:UZpWk0xnvXWn1wUzpgKuSWQlqVcQVdCJ/IwfKRVNEg=
github.com/jezequiel/freetype-go v0.0.0-20230429184142-fc26873f6b41/go.mod h1:dOgKn4+mWxTMIEDuGMFKIWxPq2+bI8pC8AXDcdJmHA=
github.com/jezequiel/image v0.0.0-20230430004346-5265cecc6cc7 h1:EB1BwJwC2zYlnBFXDEHfN5wNGPIz/OqZXRNTmwb8B8=
github.com/jezequiel/image v0.0.0-20230430004346-5265cecc6cc7/go.mod h1:2EW2WxVDcL8n4F3pFtNPNT3WMQ38DVOA7V8vJvdPjw=
golang.org/x/exp v0.0.0-20240525044651-4c93da01fb52 h1:j5jYGhC6f5WnKVb5xqxUj/lx3Nv49GIy2eHX5BnEe4=
golang.org/x/exp v0.0.0-20240525044651-4c93da01fb52/go.mod h1:XtvwrStGgqGf7qvj/3ahpsKuqCEzcupe8JMW5kyznM=
golang.org/x/image v0.17.0 h1:s0Fajxe9CJd9r7UcR8K6+p1zMEKMOujzazBd7mvuyM=
golang.org/x/image v0.17.0/go.mod h1:TkwD2lgOkVeiTiNKX56U3A4lWnVYvXBDSWiaKvSykE=
golang.org/x/sync v0.7.0 h1:YsImfSBoP9QZHCT3fVzstUH8NdIOA51rgVxElWYx7Y=
golang.org/x/sync v0.7.0/go.mod h1:Czt+wKu+jkqNcPqkMg7+nI/pR8DgtmXZnhO6rAJdEw=
golang.org/x/sys v0.21.0 h1:rF+pYz3DAGSFWQJcMH95G8jsFlJ/xpwJVzThiZjEg4=
golang.org/x/sys v0.21.0/go.mod h1:/VUhepiaJMQUp4+ZMzdt2xWBZYxPBA5Z5cSc+xXTeU=
